
Microsoft Visual Studio Solution File, Format Version 12.00
# Visual Studio Version 17
VisualStudioVersion = 17.9.34728.123
MinimumVisualStudioVersion = 10.0.40219.1
Project("{9A19103F-16F7-4668-BE54-9A1E7A4F7556}") = "TrilhaApiDesafio", "TrilhaApiDesafio.csproj", "{912452EC-0E37-4126-9317-2699AADD56C8}"
EndProject
Global
	GlobalSection(SolutionConfigurationPlatforms) = preSolution
		Debug|Any CPU = Debug|Any CPU
		Release|Any CPU = Release|Any CPU
	EndGlobalSection
	GlobalSection(ProjectConfigurationPlatforms) = postSolution
		{912452EC-0E37-4126-9317-2699AADD56C8}.Debug|Any CPU.ActiveCfg = Debug|Any CPU
		{912452EC-0E37-4126-9317-2699AADD56C8}.Debug|Any CPU.Build.0 = Debug|Any CPU
		{912452EC-0E37-4126-9317-2699AADD56C8}.Release|Any CPU.ActiveCfg = Release|Any CPU
		{912452EC-0E37-4126-9317-2699AADD56C8}.Release|Any CPU.Build.0 = Release|Any CPU
	EndGlobalSection
	GlobalSection(SolutionProperties) = preSolution
		HideSolutionNode = FALSE
	EndGlobalSection
	GlobalSection(ExtensibilityGlobals) = postSolution
		SolutionGuid = {32C979EC-0935-439C-9EAE-D327BF35837F}
	EndGlobalSection
EndGlobal
